
Microsoft Visual Studio Solution File, Format Version 12.00
# Visual Studio 15
VisualStudioVersion = 15.0.28307.271
MinimumVisualStudioVersion = 10.0.40219.1
Project("{FAE04EC0-301F-11D3-BF4B-00C04F79EFBC}") = "CoderGirl_StLouisSites", "CoderGirl_StLouisSites\CoderGirl_StLouisSites.csproj", "{D5437A85-5F06-4A6D-97E9-8FA1F576CDAE}"
EndProject
Global
	GlobalSection(SolutionConfigurationPlatforms) = preSolution
		Debug|Any CPU = Debug|Any CPU
		Release|Any CPU = Release|Any CPU
	EndGlobalSection
	GlobalSection(ProjectConfigurationPlatforms) = postSolution
		{D5437A85-5F06-4A6D-97E9-8FA1F576CDAE}.Debug|Any CPU.ActiveCfg = Debug|Any CPU
		{D5437A85-5F06-4A6D-97E9-8FA1F576CDAE}.Debug|Any CPU.Build.0 = Debug|Any CPU
		{D5437A85-5F06-4A6D-97E9-8FA1F576CDAE}.Release|Any CPU.ActiveCfg = Release|Any CPU
		{D5437A85-5F06-4A6D-97E9-8FA1F576CDAE}.Release|Any CPU.Build.0 = Release|Any CPU
	EndGlobalSection
	GlobalSection(SolutionProperties) = preSolution
		HideSolutionNode = FALSE
	EndGlobalSection
	GlobalSection(ExtensibilityGlobals) = postSolution
		SolutionGuid = {1E0EAACC-7B61-4B65-AB90-75FB28965A0D}
	EndGlobalSection
EndGlobal
